
Microsoft Visual Studio Solution File, Format Version 12.00
# Visual Studio Version 17
VisualStudioVersion = 17.4.33110.190
MinimumVisualStudioVersion = 10.0.40219.1
Project("{9A19103F-16F7-4668-BE54-9A1E7A4F7556}") = "Akka.Persistence.PostgreSql", "Akka.Persistence.PostgreSql\Akka.Persistence.PostgreSql.csproj", "{D49830AC-FA6F-41D9-9A1D-9B653D084524}"
EndProject
Project("{9A19103F-16F7-4668-BE54-9A1E7A4F7556}") = "Akka.Persistence.PostgreSql.Tests", "Akka.Persistence.PostgreSql.Tests\Akka.Persistence.PostgreSql.Tests.csproj", "{09984665-D586-4739-8B61-513EC61EA0A5}"
EndProject
Project("{2150E333-8FDC-42A3-9474-1A3956D46DE8}") = "Solution Items", "Solution Items", "{118AFA68-6532-498C-8037-A6151FD7A655}"
	ProjectSection(SolutionItems) = preProject
		..\README.md = ..\README.md
	EndProjectSection
EndProject
Project("{2150E333-8FDC-42A3-9474-1A3956D46DE8}") = "build", "build", "{CADDD4C2-4EFC-4785-8958-35F50C1A8CEE}"
	ProjectSection(SolutionItems) = preProject
		..\build.cmd = ..\build.cmd
		..\build.fsx = ..\build.fsx
		..\build.ps1 = ..\build.ps1
		..\build.sh = ..\build.sh
		Directory.Build.props = Directory.Build.props
		Directory.Generated.props = Directory.Generated.props
		Directory.Packages.props = Directory.Packages.props
	EndProjectSection
EndProject
Project("{FAE04EC0-301F-11D3-BF4B-00C04F79EFBC}") = "Akka.Persistence.PostgreSql.Performance.Tests", "Akka.Persistence.PostgreSql.Performance.Tests\Akka.Persistence.PostgreSql.Performance.Tests.csproj", "{E5A31545-77AA-4BE1-A2A4-853256CC0F5E}"
EndProject
Project("{FAE04EC0-301F-11D3-BF4B-00C04F79EFBC}") = "Akka.Persistence.PostgreSql.Hosting", "Akka.Persistence.PostgreSql.Hosting\Akka.Persistence.PostgreSql.Hosting.csproj", "{0725302B-2814-48C6-944B-7E6F5CC72D8E}"
EndProject
Project("{2150E333-8FDC-42A3-9474-1A3956D46DE8}") = "build-system", "build-system", "{E89C75C2-959B-4E92-9E4F-83275DAC4374}"
	ProjectSection(SolutionItems) = preProject
		..\build-system\azure-pipeline.template.yaml = ..\build-system\azure-pipeline.template.yaml
		..\build-system\pr-validation.yaml = ..\build-system\pr-validation.yaml
		..\build-system\README.md = ..\build-system\README.md
		..\build-system\windows-release.yaml = ..\build-system\windows-release.yaml
	EndProjectSection
EndProject
Global
	GlobalSection(SolutionConfigurationPlatforms) = preSolution
		Debug|Any CPU = Debug|Any CPU
		Release|Any CPU = Release|Any CPU
	EndGlobalSection
	GlobalSection(ProjectConfigurationPlatforms) = postSolution
		{D49830AC-FA6F-41D9-9A1D-9B653D084524}.Debug|Any CPU.ActiveCfg = Debug|Any CPU
		{D49830AC-FA6F-41D9-9A1D-9B653D084524}.Debug|Any CPU.Build.0 = Debug|Any CPU
		{D49830AC-FA6F-41D9-9A1D-9B653D084524}.Release|Any CPU.ActiveCfg = Release|Any CPU
		{D49830AC-FA6F-41D9-9A1D-9B653D084524}.Release|Any CPU.Build.0 = Release|Any CPU
		{09984665-D586-4739-8B61-513EC61EA0A5}.Debug|Any CPU.ActiveCfg = Debug|Any CPU
		{09984665-D586-4739-8B61-513EC61EA0A5}.Debug|Any CPU.Build.0 = Debug|Any CPU
		{09984665-D586-4739-8B61-513EC61EA0A5}.Release|Any CPU.ActiveCfg = Release|Any CPU
		{09984665-D586-4739-8B61-513EC61EA0A5}.Release|Any CPU.Build.0 = Release|Any CPU
		{E5A31545-77AA-4BE1-A2A4-853256CC0F5E}.Debug|Any CPU.ActiveCfg = Debug|Any CPU
		{E5A31545-77AA-4BE1-A2A4-853256CC0F5E}.Debug|Any CPU.Build.0 = Debug|Any CPU
		{E5A31545-77AA-4BE1-A2A4-853256CC0F5E}.Release|Any CPU.ActiveCfg = Release|Any CPU
		{E5A31545-77AA-4BE1-A2A4-853256CC0F5E}.Release|Any CPU.Build.0 = Release|Any CPU
		{0725302B-2814-48C6-944B-7E6F5CC72D8E}.Debug|Any CPU.ActiveCfg = Debug|Any CPU
		{0725302B-2814-48C6-944B-7E6F5CC72D8E}.Debug|Any CPU.Build.0 = Debug|Any CPU
		{0725302B-2814-48C6-944B-7E6F5CC72D8E}.Release|Any CPU.ActiveCfg = Release|Any CPU
		{0725302B-2814-48C6-944B-7E6F5CC72D8E}.Release|Any CPU.Build.0 = Release|Any CPU
	EndGlobalSection
	GlobalSection(SolutionProperties) = preSolution
		HideSolutionNode = FALSE
	EndGlobalSection
	GlobalSection(ExtensibilityGlobals) = postSolution
		SolutionGuid = {721169D4-809B-4363-85B6-F30A313BC030}
	EndGlobalSection
	GlobalSection(NestedProjects) = preSolution
		{E89C75C2-959B-4E92-9E4F-83275DAC4374} = {CADDD4C2-4EFC-4785-8958-35F50C1A8CEE}
	EndGlobalSection
EndGlobal
